# THIS IS AN AUTOGENERATED FILE. DO NOT EDIT THIS FILE DIRECTLY.
# yarn lockfile v1


"@angular/material@^10.2.4":
  version "10.2.4"
  resolved "https://registry.yarnpkg.com/@angular/material/-/material-10.2.4.tgz#9a3e4958ed72ae77c1638075efe5bff5158b2ba4"
  integrity sha512-m5pRzCZQlpb7BZrc+LV+eeMU9M76obWVbNy8or6gvBPa6awfbwOz8uBryIvVngdkhoIieqAu1iV4bG7b7Xp3sg==
  dependencies:
    tslib "^2.0.0"

tslib@^2.0.0:
  version "2.0.2"
  resolved "https://registry.yarnpkg.com/tslib/-/tslib-2.0.2.tgz#462295631185db44b21b1ea3615b63cd1c038242"
  integrity sha512-wAH28hcEKwna96/UacuWaVspVLkg4x1aDM9JlzqaQTOFczCktkVAb5fmXChgandR1EraDPs2w8P+ozM+oafwxg==
